
Microsoft Visual Studio Solution File, Format Version 12.00
# Visual Studio 14
VisualStudioVersion = 14.0.25420.1
MinimumVisualStudioVersion = 10.0.40219.1
Project("{FAE04EC0-301F-11D3-BF4B-00C04F79EFBC}") = "AgendaBienAzure.Droid", "AgendaBienAzure\AgendaBienAzure.Droid\AgendaBienAzure.Droid.csproj", "{A98D08E8-04FA-4A8F-9213-AA6129157BE4}"
EndProject
Project("{FAE04EC0-301F-11D3-BF4B-00C04F79EFBC}") = "AgendaBienAzure.iOS", "AgendaBienAzure\AgendaBienAzure.iOS\AgendaBienAzure.iOS.csproj", "{E93565B0-CBAF-4523-BB5D-056ABCD27995}"
EndProject
Project("{FAE04EC0-301F-11D3-BF4B-00C04F79EFBC}") = "AgendaBienAzure.WinPhone", "AgendaBienAzure\AgendaBienAzure.WinPhone\AgendaBienAzure.WinPhone.csproj", "{E35B73E3-9109-400A-858C-8DB66D8E767F}"
EndProject
Project("{FAE04EC0-301F-11D3-BF4B-00C04F79EFBC}") = "AgendaBienAzure.UWP", "AgendaBienAzure\AgendaBienAzure.UWP\AgendaBienAzure.UWP.csproj", "{1D417A86-B171-4B80-9756-837EEB8EA4A0}"
EndProject
Project("{FAE04EC0-301F-11D3-BF4B-00C04F79EFBC}") = "AgendaBienAzure.Windows", "AgendaBienAzure\AgendaBienAzure.Windows\AgendaBienAzure.Windows.csproj", "{72FE3E70-CA14-4D1D-B31B-BED3628990D2}"
EndProject
Project("{FAE04EC0-301F-11D3-BF4B-00C04F79EFBC}") = "AgendaBienAzure", "AgendaBienAzure\AgendaBienAzure\AgendaBienAzure.csproj", "{8EA850E3-A977-406D-AA65-B465E0E1C79B}"
EndProject
Global
	GlobalSection(SolutionConfigurationPlatforms) = preSolution
		Ad-Hoc|Any CPU = Ad-Hoc|Any CPU
		Ad-Hoc|ARM = Ad-Hoc|ARM
		Ad-Hoc|iPhone = Ad-Hoc|iPhone
		Ad-Hoc|iPhoneSimulator = Ad-Hoc|iPhoneSimulator
		Ad-Hoc|x64 = Ad-Hoc|x64
		Ad-Hoc|x86 = Ad-Hoc|x86
		AppStore|Any CPU = AppStore|Any CPU
		AppStore|ARM = AppStore|ARM
		AppStore|iPhone = AppStore|iPhone
		AppStore|iPhoneSimulator = AppStore|iPhoneSimulator
		AppStore|x64 = AppStore|x64
		AppStore|x86 = AppStore|x86
		Debug|Any CPU = Debug|Any CPU
		Debug|ARM = Debug|ARM
		Debug|iPhone = Debug|iPhone
		Debug|iPhoneSimulator = Debug|iPhoneSimulator
		Debug|x64 = Debug|x64
		Debug|x86 = Debug|x86
		Release|Any CPU = Release|Any CPU
		Release|ARM = Release|ARM
		Release|iPhone = Release|iPhone
		Release|iPhoneSimulator = Release|iPhoneSimulator
		Release|x64 = Release|x64
		Release|x86 = Release|x86
	EndGlobalSection
	GlobalSection(ProjectConfigurationPlatforms) = postSolution
		{A98D08E8-04FA-4A8F-9213-AA6129157BE4}.Ad-Hoc|Any CPU.ActiveCfg = Release|Any CPU
		{A98D08E8-04FA-4A8F-9213-AA6129157BE4}.Ad-Hoc|Any CPU.Build.0 = Release|Any CPU
		{A98D08E8-04FA-4A8F-9213-AA6129157BE4}.Ad-Hoc|Any CPU.Deploy.0 = Release|Any CPU
		{A98D08E8-04FA-4A8F-9213-AA6129157BE4}.Ad-Hoc|ARM.ActiveCfg = Release|Any CPU
		{A98D08E8-04FA-4A8F-9213-AA6129157BE4}.Ad-Hoc|ARM.Build.0 = Release|Any CPU
		{A98D08E8-04FA-4A8F-9213-AA6129157BE4}.Ad-Hoc|ARM.Deploy.0 = Release|Any CPU
		{A98D08E8-04FA-4A8F-9213-AA6129157BE4}.Ad-Hoc|iPhone.ActiveCfg = Release|Any CPU
		{A98D08E8-04FA-4A8F-9213-AA6129157BE4}.Ad-Hoc|iPhone.Build.0 = Release|Any CPU
		{A98D08E8-04FA-4A8F-9213-AA6129157BE4}.Ad-Hoc|iPhone.Deploy.0 = Release|Any CPU
		{A98D08E8-04FA-4A8F-9213-AA6129157BE4}.Ad-Hoc|iPhoneSimulator.ActiveCfg = Release|Any CPU
		{A98D08E8-04FA-4A8F-9213-AA6129157BE4}.Ad-Hoc|iPhoneSimulator.Build.0 = Release|Any CPU
		{A98D08E8-04FA-4A8F-9213-AA6129157BE4}.Ad-Hoc|iPhoneSimulator.Deploy.0 = Release|Any CPU
		{A98D08E8-04FA-4A8F-9213-AA6129157BE4}.Ad-Hoc|x64.ActiveCfg = Release|Any CPU
		{A98D08E8-04FA-4A8F-9213-AA6129157BE4}.Ad-Hoc|x64.Build.0 = Release|Any CPU
		{A98D08E8-04FA-4A8F-9213-AA6129157BE4}.Ad-Hoc|x64.Deploy.0 = Release|Any CPU
		{A98D08E8-04FA-4A8F-9213-AA6129157BE4}.Ad-Hoc|x86.ActiveCfg = Release|Any CPU
		{A98D08E8-04FA-4A8F-9213-AA6129157BE4}.Ad-Hoc|x86.Build.0 = Release|Any CPU
		{A98D08E8-04FA-4A8F-9213-AA6129157BE4}.Ad-Hoc|x86.Deploy.0 = Release|Any CPU
		{A98D08E8-04FA-4A8F-9213-AA6129157BE4}.AppStore|Any CPU.ActiveCfg = Release|Any CPU
		{A98D08E8-04FA-4A8F-9213-AA6129157BE4}.AppStore|Any CPU.Build.0 = Release|Any CPU
		{A98D08E8-04FA-4A8F-9213-AA6129157BE4}.AppStore|Any CPU.Deploy.0 = Release|Any CPU
		{A98D08E8-04FA-4A8F-9213-AA6129157BE4}.AppStore|ARM.ActiveCfg = Release|Any CPU
		{A98D08E8-04FA-4A8F-9213-AA6129157BE4}.AppStore|ARM.Build.0 = Release|Any CPU
		{A98D08E8-04FA-4A8F-9213-AA6129157BE4}.AppStore|ARM.Deploy.0 = Release|Any CPU
		{A98D08E8-04FA-4A8F-9213-AA6129157BE4}.AppStore|iPhone.ActiveCfg = Release|Any CPU
		{A98D08E8-04FA-4A8F-9213-AA6129157BE4}.AppStore|iPhone.Build.0 = Release|Any CPU
		{A98D08E8-04FA-4A8F-9213-AA6129157BE4}.AppStore|iPhone.Deploy.0 = Release|Any CPU
		{A98D08E8-04FA-4A8F-9213-AA6129157BE4}.AppStore|iPhoneSimulator.ActiveCfg = Release|Any CPU
		{A98D08E8-04FA-4A8F-9213-AA6129157BE4}.AppStore|iPhoneSimulator.Build.0 = Release|Any CPU
		{A98D08E8-04FA-4A8F-9213-AA6129157BE4}.AppStore|iPhoneSimulator.Deploy.0 = Release|Any CPU
		{A98D08E8-04FA-4A8F-9213-AA6129157BE4}.AppStore|x64.ActiveCfg = Release|Any CPU
		{A98D08E8-04FA-4A8F-9213-AA6129157BE4}.AppStore|x64.Build.0 = Release|Any CPU
		{A98D08E8-04FA-4A8F-9213-AA6129157BE4}.AppStore|x64.Deploy.0 = Release|Any CPU
		{A98D08E8-04FA-4A8F-9213-AA6129157BE4}.AppStore|x86.ActiveCfg = Release|Any CPU
		{A98D08E8-04FA-4A8F-9213-AA6129157BE4}.AppStore|x86.Build.0 = Release|Any CPU
		{A98D08E8-04FA-4A8F-9213-AA6129157BE4}.AppStore|x86.Deploy.0 = Release|Any CPU
		{A98D08E8-04FA-4A8F-9213-AA6129157BE4}.Debug|Any CPU.ActiveCfg = Debug|Any CPU
		{A98D08E8-04FA-4A8F-9213-AA6129157BE4}.Debug|Any CPU.Build.0 = Debug|Any CPU
		{A98D08E8-04FA-4A8F-9213-AA6129157BE4}.Debug|Any CPU.Deploy.0 = Debug|Any CPU
		{A98D08E8-04FA-4A8F-9213-AA6129157BE4}.Debug|ARM.ActiveCfg = Debug|Any CPU
		{A98D08E8-04FA-4A8F-9213-AA6129157BE4}.Debug|ARM.Build.0 = Debug|Any CPU
		{A98D08E8-04FA-4A8F-9213-AA6129157BE4}.Debug|ARM.Deploy.0 = Debug|Any CPU
		{A98D08E8-04FA-4A8F-9213-AA6129157BE4}.Debug|iPhone.ActiveCfg = Debug|Any CPU
		{A98D08E8-04FA-4A8F-9213-AA6129157BE4}.Debug|iPhone.Build.0 = Debug|Any CPU
		{A98D08E8-04FA-4A8F-9213-AA6129157BE4}.Debug|iPhone.Deploy.0 = Debug|Any CPU
		{A98D08E8-04FA-4A8F-9213-AA6129157BE4}.Debug|iPhoneSimulator.ActiveCfg = Debug|Any CPU
		{A98D08E8-04FA-4A8F-9213-AA6129157BE4}.Debug|iPhoneSimulator.Build.0 = Debug|Any CPU
		{A98D08E8-04FA-4A8F-9213-AA6129157BE4}.Debug|iPhoneSimulator.Deploy.0 = Debug|Any CPU
		{A98D08E8-04FA-4A8F-9213-AA6129157BE4}.Debug|x64.ActiveCfg = Debug|Any CPU
		{A98D08E8-04FA-4A8F-9213-AA6129157BE4}.Debug|x64.Build.0 = Debug|Any CPU
		{A98D08E8-04FA-4A8F-9213-AA6129157BE4}.Debug|x64.Deploy.0 = Debug|Any CPU
		{A98D08E8-04FA-4A8F-9213-AA6129157BE4}.Debug|x86.ActiveCfg = Debug|Any CPU
		{A98D08E8-04FA-4A8F-9213-AA6129157BE4}.Debug|x86.Build.0 = Debug|Any CPU
		{A98D08E8-04FA-4A8F-9213-AA6129157BE4}.Debug|x86.Deploy.0 = Debug|Any CPU
		{A98D08E8-04FA-4A8F-9213-AA6129157BE4}.Release|Any CPU.ActiveCfg = Release|Any CPU
		{A98D08E8-04FA-4A8F-9213-AA6129157BE4}.Release|Any CPU.Build.0 = Release|Any CPU
		{A98D08E8-04FA-4A8F-9213-AA6129157BE4}.Release|Any CPU.Deploy.0 = Release|Any CPU
		{A98D08E8-04FA-4A8F-9213-AA6129157BE4}.Release|ARM.ActiveCfg = Release|Any CPU
		{A98D08E8-04FA-4A8F-9213-AA6129157BE4}.Release|ARM.Build.0 = Release|Any CPU
		{A98D08E8-04FA-4A8F-9213-AA6129157BE4}.Release|ARM.Deploy.0 = Release|Any CPU
		{A98D08E8-04FA-4A8F-9213-AA6129157BE4}.Release|iPhone.ActiveCfg = Release|Any CPU
		{A98D08E8-04FA-4A8F-9213-AA6129157BE4}.Release|iPhone.Build.0 = Release|Any CPU
		{A98D08E8-04FA-4A8F-9213-AA6129157BE4}.Release|iPhone.Deploy.0 = Release|Any CPU
		{A98D08E8-04FA-4A8F-9213-AA6129157BE4}.Release|iPhoneSimulator.ActiveCfg = Release|Any CPU
		{A98D08E8-04FA-4A8F-9213-AA6129157BE4}.Release|iPhoneSimulator.Build.0 = Release|Any CPU
		{A98D08E8-04FA-4A8F-9213-AA6129157BE4}.Release|iPhoneSimulator.Deploy.0 = Release|Any CPU
		{A98D08E8-04FA-4A8F-9213-AA6129157BE4}.Release|x64.ActiveCfg = Release|Any CPU
		{A98D08E8-04FA-4A8F-9213-AA6129157BE4}.Release|x64.Build.0 = Release|Any CPU
		{A98D08E8-04FA-4A8F-9213-AA6129157BE4}.Release|x64.Deploy.0 = Release|Any CPU
		{A98D08E8-04FA-4A8F-9213-AA6129157BE4}.Release|x86.ActiveCfg = Release|Any CPU
		{A98D08E8-04FA-4A8F-9213-AA6129157BE4}.Release|x86.Build.0 = Release|Any CPU
		{A98D08E8-04FA-4A8F-9213-AA6129157BE4}.Release|x86.Deploy.0 = Release|Any CPU
		{E93565B0-CBAF-4523-BB5D-056ABCD27995}.Ad-Hoc|Any CPU.ActiveCfg = Ad-Hoc|iPhone
		{E93565B0-CBAF-4523-BB5D-056ABCD27995}.Ad-Hoc|ARM.ActiveCfg = Ad-Hoc|iPhone
		{E93565B0-CBAF-4523-BB5D-056ABCD27995}.Ad-Hoc|iPhone.ActiveCfg = Ad-Hoc|iPhone
		{E93565B0-CBAF-4523-BB5D-056ABCD27995}.Ad-Hoc|iPhone.Build.0 = Ad-Hoc|iPhone
		{E93565B0-CBAF-4523-BB5D-056ABCD27995}.Ad-Hoc|iPhoneSimulator.ActiveCfg = Ad-Hoc|iPhoneSimulator
		{E93565B0-CBAF-4523-BB5D-056ABCD27995}.Ad-Hoc|iPhoneSimulator.Build.0 = Ad-Hoc|iPhoneSimulator
		{E93565B0-CBAF-4523-BB5D-056ABCD27995}.Ad-Hoc|x64.ActiveCfg = Ad-Hoc|iPhone
		{E93565B0-CBAF-4523-BB5D-056ABCD27995}.Ad-Hoc|x86.ActiveCfg = Ad-Hoc|iPhone
		{E93565B0-CBAF-4523-BB5D-056ABCD27995}.AppStore|Any CPU.ActiveCfg = AppStore|iPhone
		{E93565B0-CBAF-4523-BB5D-056ABCD27995}.AppStore|ARM.ActiveCfg = AppStore|iPhone
		{E93565B0-CBAF-4523-BB5D-056ABCD27995}.AppStore|iPhone.ActiveCfg = AppStore|iPhone
		{E93565B0-CBAF-4523-BB5D-056ABCD27995}.AppStore|iPhone.Build.0 = AppStore|iPhone
		{E93565B0-CBAF-4523-BB5D-056ABCD27995}.AppStore|iPhoneSimulator.ActiveCfg = AppStore|iPhoneSimulator
		{E93565B0-CBAF-4523-BB5D-056ABCD27995}.AppStore|iPhoneSimulator.Build.0 = AppStore|iPhoneSimulator
		{E93565B0-CBAF-4523-BB5D-056ABCD27995}.AppStore|x64.ActiveCfg = AppStore|iPhone
		{E93565B0-CBAF-4523-BB5D-056ABCD27995}.AppStore|x86.ActiveCfg = AppStore|iPhone
		{E93565B0-CBAF-4523-BB5D-056ABCD27995}.Debug|Any CPU.ActiveCfg = Debug|iPhone
		{E93565B0-CBAF-4523-BB5D-056ABCD27995}.Debug|ARM.ActiveCfg = Debug|iPhone
		{E93565B0-CBAF-4523-BB5D-056ABCD27995}.Debug|iPhone.ActiveCfg = Debug|iPhone
		{E93565B0-CBAF-4523-BB5D-056ABCD27995}.Debug|iPhone.Build.0 = Debug|iPhone
		{E93565B0-CBAF-4523-BB5D-056ABCD27995}.Debug|iPhoneSimulator.ActiveCfg = Debug|iPhoneSimulator
		{E93565B0-CBAF-4523-BB5D-056ABCD27995}.Debug|iPhoneSimulator.Build.0 = Debug|iPhoneSimulator
		{E93565B0-CBAF-4523-BB5D-056ABCD27995}.Debug|x64.ActiveCfg = Debug|iPhone
		{E93565B0-CBAF-4523-BB5D-056ABCD27995}.Debug|x86.ActiveCfg = Debug|iPhone
		{E93565B0-CBAF-4523-BB5D-056ABCD27995}.Release|Any CPU.ActiveCfg = Release|iPhone
		{E93565B0-CBAF-4523-BB5D-056ABCD27995}.Release|ARM.ActiveCfg = Release|iPhone
		{E93565B0-CBAF-4523-BB5D-056ABCD27995}.Release|iPhone.ActiveCfg = Release|iPhone
		{E93565B0-CBAF-4523-BB5D-056ABCD27995}.Release|iPhone.Build.0 = Release|iPhone
		{E93565B0-CBAF-4523-BB5D-056ABCD27995}.Release|iPhoneSimulator.ActiveCfg = Release|iPhoneSimulator
		{E93565B0-CBAF-4523-BB5D-056ABCD27995}.Release|iPhoneSimulator.Build.0 = Release|iPhoneSimulator
		{E93565B0-CBAF-4523-BB5D-056ABCD27995}.Release|x64.ActiveCfg = Release|iPhone
		{E93565B0-CBAF-4523-BB5D-056ABCD27995}.Release|x86.ActiveCfg = Release|iPhone
		{E35B73E3-9109-400A-858C-8DB66D8E767F}.Ad-Hoc|Any CPU.ActiveCfg = Release|Any CPU
		{E35B73E3-9109-400A-858C-8DB66D8E767F}.Ad-Hoc|Any CPU.Build.0 = Release|Any CPU
		{E35B73E3-9109-400A-858C-8DB66D8E767F}.Ad-Hoc|Any CPU.Deploy.0 = Release|Any CPU
		{E35B73E3-9109-400A-858C-8DB66D8E767F}.Ad-Hoc|ARM.ActiveCfg = Release|ARM
		{E35B73E3-9109-400A-858C-8DB66D8E767F}.Ad-Hoc|ARM.Build.0 = Release|ARM
		{E35B73E3-9109-400A-858C-8DB66D8E767F}.Ad-Hoc|ARM.Deploy.0 = Release|ARM
		{E35B73E3-9109-400A-858C-8DB66D8E767F}.Ad-Hoc|iPhone.ActiveCfg = Release|Any CPU
		{E35B73E3-9109-400A-858C-8DB66D8E767F}.Ad-Hoc|iPhone.Build.0 = Release|Any CPU
		{E35B73E3-9109-400A-858C-8DB66D8E767F}.Ad-Hoc|iPhone.Deploy.0 = Release|Any CPU
		{E35B73E3-9109-400A-858C-8DB66D8E767F}.Ad-Hoc|iPhoneSimulator.ActiveCfg = Release|Any CPU
		{E35B73E3-9109-400A-858C-8DB66D8E767F}.Ad-Hoc|iPhoneSimulator.Build.0 = Release|Any CPU
		{E35B73E3-9109-400A-858C-8DB66D8E767F}.Ad-Hoc|iPhoneSimulator.Deploy.0 = Release|Any CPU
		{E35B73E3-9109-400A-858C-8DB66D8E767F}.Ad-Hoc|x64.ActiveCfg = Release|Any CPU
		{E35B73E3-9109-400A-858C-8DB66D8E767F}.Ad-Hoc|x64.Build.0 = Release|Any CPU
		{E35B73E3-9109-400A-858C-8DB66D8E767F}.Ad-Hoc|x64.Deploy.0 = Release|Any CPU
		{E35B73E3-9109-400A-858C-8DB66D8E767F}.Ad-Hoc|x86.ActiveCfg = Release|x86
		{E35B73E3-9109-400A-858C-8DB66D8E767F}.Ad-Hoc|x86.Build.0 = Release|x86
		{E35B73E3-9109-400A-858C-8DB66D8E767F}.Ad-Hoc|x86.Deploy.0 = Release|x86
		{E35B73E3-9109-400A-858C-8DB66D8E767F}.AppStore|Any CPU.ActiveCfg = Release|Any CPU
		{E35B73E3-9109-400A-858C-8DB66D8E767F}.AppStore|Any CPU.Build.0 = Release|Any CPU
		{E35B73E3-9109-400A-858C-8DB66D8E767F}.AppStore|Any CPU.Deploy.0 = Release|Any CPU
		{E35B73E3-9109-400A-858C-8DB66D8E767F}.AppStore|ARM.ActiveCfg = Release|ARM
		{E35B73E3-9109-400A-858C-8DB66D8E767F}.AppStore|ARM.Build.0 = Release|ARM
		{E35B73E3-9109-400A-858C-8DB66D8E767F}.AppStore|ARM.Deploy.0 = Release|ARM
		{E35B73E3-9109-400A-858C-8DB66D8E767F}.AppStore|iPhone.ActiveCfg = Release|Any CPU
		{E35B73E3-9109-400A-858C-8DB66D8E767F}.AppStore|iPhone.Build.0 = Release|Any CPU
		{E35B73E3-9109-400A-858C-8DB66D8E767F}.AppStore|iPhone.Deploy.0 = Release|Any CPU
		{E35B73E3-9109-400A-858C-8DB66D8E767F}.AppStore|iPhoneSimulator.ActiveCfg = Release|Any CPU
		{E35B73E3-9109-400A-858C-8DB66D8E767F}.AppStore|iPhoneSimulator.Build.0 = Release|Any CPU
		{E35B73E3-9109-400A-858C-8DB66D8E767F}.AppStore|iPhoneSimulator.Deploy.0 = Release|Any CPU
		{E35B73E3-9109-400A-858C-8DB66D8E767F}.AppStore|x64.ActiveCfg = Release|Any CPU
		{E35B73E3-9109-400A-858C-8DB66D8E767F}.AppStore|x64.Build.0 = Release|Any CPU
		{E35B73E3-9109-400A-858C-8DB66D8E767F}.AppStore|x64.Deploy.0 = Release|Any CPU
		{E35B73E3-9109-400A-858C-8DB66D8E767F}.AppStore|x86.ActiveCfg = Release|x86
		{E35B73E3-9109-400A-858C-8DB66D8E767F}.AppStore|x86.Build.0 = Release|x86
		{E35B73E3-9109-400A-858C-8DB66D8E767F}.AppStore|x86.Deploy.0 = Release|x86
		{E35B73E3-9109-400A-858C-8DB66D8E767F}.Debug|Any CPU.ActiveCfg = Debug|Any CPU
		{E35B73E3-9109-400A-858C-8DB66D8E767F}.Debug|Any CPU.Build.0 = Debug|Any CPU
		{E35B73E3-9109-400A-858C-8DB66D8E767F}.Debug|Any CPU.Deploy.0 = Debug|Any CPU
		{E35B73E3-9109-400A-858C-8DB66D8E767F}.Debug|ARM.ActiveCfg = Debug|ARM
		{E35B73E3-9109-400A-858C-8DB66D8E767F}.Debug|ARM.Build.0 = Debug|ARM
		{E35B73E3-9109-400A-858C-8DB66D8E767F}.Debug|ARM.Deploy.0 = Debug|ARM
		{E35B73E3-9109-400A-858C-8DB66D8E767F}.Debug|iPhone.ActiveCfg = Debug|Any CPU
		{E35B73E3-9109-400A-858C-8DB66D8E767F}.Debug|iPhone.Build.0 = Debug|Any CPU
		{E35B73E3-9109-400A-858C-8DB66D8E767F}.Debug|iPhone.Deploy.0 = Debug|Any CPU
		{E35B73E3-9109-400A-858C-8DB66D8E767F}.Debug|iPhoneSimulator.ActiveCfg = Debug|Any CPU
		{E35B73E3-9109-400A-858C-8DB66D8E767F}.Debug|iPhoneSimulator.Build.0 = Debug|Any CPU
		{E35B73E3-9109-400A-858C-8DB66D8E767F}.Debug|iPhoneSimulator.Deploy.0 = Debug|Any CPU
		{E35B73E3-9109-400A-858C-8DB66D8E767F}.Debug|x64.ActiveCfg = Debug|Any CPU
		{E35B73E3-9109-400A-858C-8DB66D8E767F}.Debug|x64.Build.0 = Debug|Any CPU
		{E35B73E3-9109-400A-858C-8DB66D8E767F}.Debug|x64.Deploy.0 = Debug|Any CPU
		{E35B73E3-9109-400A-858C-8DB66D8E767F}.Debug|x86.ActiveCfg = Debug|x86
		{E35B73E3-9109-400A-858C-8DB66D8E767F}.Debug|x86.Build.0 = Debug|x86
		{E35B73E3-9109-400A-858C-8DB66D8E767F}.Debug|x86.Deploy.0 = Debug|x86
		{E35B73E3-9109-400A-858C-8DB66D8E767F}.Release|Any CPU.ActiveCfg = Release|Any CPU
		{E35B73E3-9109-400A-858C-8DB66D8E767F}.Release|Any CPU.Build.0 = Release|Any CPU
		{E35B73E3-9109-400A-858C-8DB66D8E767F}.Release|Any CPU.Deploy.0 = Release|Any CPU
		{E35B73E3-9109-400A-858C-8DB66D8E767F}.Release|ARM.ActiveCfg = Release|ARM
		{E35B73E3-9109-400A-858C-8DB66D8E767F}.Release|ARM.Build.0 = Release|ARM
		{E35B73E3-9109-400A-858C-8DB66D8E767F}.Release|ARM.Deploy.0 = Release|ARM
		{E35B73E3-9109-400A-858C-8DB66D8E767F}.Release|iPhone.ActiveCfg = Release|Any CPU
		{E35B73E3-9109-400A-858C-8DB66D8E767F}.Release|iPhone.Build.0 = Release|Any CPU
		{E35B73E3-9109-400A-858C-8DB66D8E767F}.Release|iPhone.Deploy.0 = Release|Any CPU
		{E35B73E3-9109-400A-858C-8DB66D8E767F}.Release|iPhoneSimulator.ActiveCfg = Release|Any CPU
		{E35B73E3-9109-400A-858C-8DB66D8E767F}.Release|iPhoneSimulator.Build.0 = Release|Any CPU
		{E35B73E3-9109-400A-858C-8DB66D8E767F}.Release|iPhoneSimulator.Deploy.0 = Release|Any CPU
		{E35B73E3-9109-400A-858C-8DB66D8E767F}.Release|x64.ActiveCfg = Release|Any CPU
		{E35B73E3-9109-400A-858C-8DB66D8E767F}.Release|x64.Build.0 = Release|Any CPU
		{E35B73E3-9109-400A-858C-8DB66D8E767F}.Release|x64.Deploy.0 = Release|Any CPU
		{E35B73E3-9109-400A-858C-8DB66D8E767F}.Release|x86.ActiveCfg = Release|x86
		{E35B73E3-9109-400A-858C-8DB66D8E767F}.Release|x86.Build.0 = Release|x86
		{E35B73E3-9109-400A-858C-8DB66D8E767F}.Release|x86.Deploy.0 = Release|x86
		{1D417A86-B171-4B80-9756-837EEB8EA4A0}.Ad-Hoc|Any CPU.ActiveCfg = Release|x86
		{1D417A86-B171-4B80-9756-837EEB8EA4A0}.Ad-Hoc|Any CPU.Build.0 = Release|x86
		{1D417A86-B171-4B80-9756-837EEB8EA4A0}.Ad-Hoc|Any CPU.Deploy.0 = Release|x86
		{1D417A86-B171-4B80-9756-837EEB8EA4A0}.Ad-Hoc|ARM.ActiveCfg = Release|ARM
		{1D417A86-B171-4B80-9756-837EEB8EA4A0}.Ad-Hoc|ARM.Build.0 = Release|ARM
		{1D417A86-B171-4B80-9756-837EEB8EA4A0}.Ad-Hoc|ARM.Deploy.0 = Release|ARM
		{1D417A86-B171-4B80-9756-837EEB8EA4A0}.Ad-Hoc|iPhone.ActiveCfg = Release|x86
		{1D417A86-B171-4B80-9756-837EEB8EA4A0}.Ad-Hoc|iPhone.Build.0 = Release|x86
		{1D417A86-B171-4B80-9756-837EEB8EA4A0}.Ad-Hoc|iPhone.Deploy.0 = Release|x86
		{1D417A86-B171-4B80-9756-837EEB8EA4A0}.Ad-Hoc|iPhoneSimulator.ActiveCfg = Release|x86
		{1D417A86-B171-4B80-9756-837EEB8EA4A0}.Ad-Hoc|iPhoneSimulator.Build.0 = Release|x86
		{1D417A86-B171-4B80-9756-837EEB8EA4A0}.Ad-Hoc|iPhoneSimulator.Deploy.0 = Release|x86
		{1D417A86-B171-4B80-9756-837EEB8EA4A0}.Ad-Hoc|x64.ActiveCfg = Release|x64
		{1D417A86-B171-4B80-9756-837EEB8EA4A0}.Ad-Hoc|x64.Build.0 = Release|x64
		{1D417A86-B171-4B80-9756-837EEB8EA4A0}.Ad-Hoc|x64.Deploy.0 = Release|x64
		{1D417A86-B171-4B80-9756-837EEB8EA4A0}.Ad-Hoc|x86.ActiveCfg = Release|x86
		{1D417A86-B171-4B80-9756-837EEB8EA4A0}.Ad-Hoc|x86.Build.0 = Release|x86
		{1D417A86-B171-4B80-9756-837EEB8EA4A0}.Ad-Hoc|x86.Deploy.0 = Release|x86
		{1D417A86-B171-4B80-9756-837EEB8EA4A0}.AppStore|Any CPU.ActiveCfg = Release|x86
		{1D417A86-B171-4B80-9756-837EEB8EA4A0}.AppStore|Any CPU.Build.0 = Release|x86
		{1D417A86-B171-4B80-9756-837EEB8EA4A0}.AppStore|Any CPU.Deploy.0 = Release|x86
		{1D417A86-B171-4B80-9756-837EEB8EA4A0}.AppStore|ARM.ActiveCfg = Release|ARM
		{1D417A86-B171-4B80-9756-837EEB8EA4A0}.AppStore|ARM.Build.0 = Release|ARM
		{1D417A86-B171-4B80-9756-837EEB8EA4A0}.AppStore|ARM.Deploy.0 = Release|ARM
		{1D417A86-B171-4B80-9756-837EEB8EA4A0}.AppStore|iPhone.ActiveCfg = Release|x86
		{1D417A86-B171-4B80-9756-837EEB8EA4A0}.AppStore|iPhone.Build.0 = Release|x86
		{1D417A86-B171-4B80-9756-837EEB8EA4A0}.AppStore|iPhone.Deploy.0 = Release|x86
		{1D417A86-B171-4B80-9756-837EEB8EA4A0}.AppStore|iPhoneSimulator.ActiveCfg = Release|x86
		{1D417A86-B171-4B80-9756-837EEB8EA4A0}.AppStore|iPhoneSimulator.Build.0 = Release|x86
		{1D417A86-B171-4B80-9756-837EEB8EA4A0}.AppStore|iPhoneSimulator.Deploy.0 = Release|x86
		{1D417A86-B171-4B80-9756-837EEB8EA4A0}.AppStore|x64.ActiveCfg = Release|x64
		{1D417A86-B171-4B80-9756-837EEB8EA4A0}.AppStore|x64.Build.0 = Release|x64
		{1D417A86-B171-4B80-9756-837EEB8EA4A0}.AppStore|x64.Deploy.0 = Release|x64
		{1D417A86-B171-4B80-9756-837EEB8EA4A0}.AppStore|x86.ActiveCfg = Release|x86
		{1D417A86-B171-4B80-9756-837EEB8EA4A0}.AppStore|x86.Build.0 = Release|x86
		{1D417A86-B171-4B80-9756-837EEB8EA4A0}.AppStore|x86.Deploy.0 = Release|x86
		{1D417A86-B171-4B80-9756-837EEB8EA4A0}.Debug|Any CPU.ActiveCfg = Debug|x86
		{1D417A86-B171-4B80-9756-837EEB8EA4A0}.Debug|ARM.ActiveCfg = Debug|ARM
		{1D417A86-B171-4B80-9756-837EEB8EA4A0}.Debug|ARM.Build.0 = Debug|ARM
		{1D417A86-B171-4B80-9756-837EEB8EA4A0}.Debug|ARM.Deploy.0 = Debug|ARM
		{1D417A86-B171-4B80-9756-837EEB8EA4A0}.Debug|iPhone.ActiveCfg = Debug|x86
		{1D417A86-B171-4B80-9756-837EEB8EA4A0}.Debug|iPhoneSimulator.ActiveCfg = Debug|x86
		{1D417A86-B171-4B80-9756-837EEB8EA4A0}.Debug|x64.ActiveCfg = Debug|x64
		{1D417A86-B171-4B80-9756-837EEB8EA4A0}.Debug|x64.Build.0 = Debug|x64
		{1D417A86-B171-4B80-9756-837EEB8EA4A0}.Debug|x64.Deploy.0 = Debug|x64
		{1D417A86-B171-4B80-9756-837EEB8EA4A0}.Debug|x86.ActiveCfg = Debug|x86
		{1D417A86-B171-4B80-9756-837EEB8EA4A0}.Debug|x86.Build.0 = Debug|x86
		{1D417A86-B171-4B80-9756-837EEB8EA4A0}.Debug|x86.Deploy.0 = Debug|x86
		{1D417A86-B171-4B80-9756-837EEB8EA4A0}.Release|Any CPU.ActiveCfg = Release|x86
		{1D417A86-B171-4B80-9756-837EEB8EA4A0}.Release|ARM.ActiveCfg = Release|ARM
		{1D417A86-B171-4B80-9756-837EEB8EA4A0}.Release|ARM.Build.0 = Release|ARM
		{1D417A86-B171-4B80-9756-837EEB8EA4A0}.Release|ARM.Deploy.0 = Release|ARM
		{1D417A86-B171-4B80-9756-837EEB8EA4A0}.Release|iPhone.ActiveCfg = Release|x86
		{1D417A86-B171-4B80-9756-837EEB8EA4A0}.Release|iPhoneSimulator.ActiveCfg = Release|x86
		{1D417A86-B171-4B80-9756-837EEB8EA4A0}.Release|x64.ActiveCfg = Release|x64
		{1D417A86-B171-4B80-9756-837EEB8EA4A0}.Release|x64.Build.0 = Release|x64
		{1D417A86-B171-4B80-9756-837EEB8EA4A0}.Release|x64.Deploy.0 = Release|x64
		{1D417A86-B171-4B80-9756-837EEB8EA4A0}.Release|x86.ActiveCfg = Release|x86
		{1D417A86-B171-4B80-9756-837EEB8EA4A0}.Release|x86.Build.0 = Release|x86
		{1D417A86-B171-4B80-9756-837EEB8EA4A0}.Release|x86.Deploy.0 = Release|x86
		{72FE3E70-CA14-4D1D-B31B-BED3628990D2}.Ad-Hoc|Any CPU.ActiveCfg = Release|Any CPU
		{72FE3E70-CA14-4D1D-B31B-BED3628990D2}.Ad-Hoc|Any CPU.Build.0 = Release|Any CPU
		{72FE3E70-CA14-4D1D-B31B-BED3628990D2}.Ad-Hoc|Any CPU.Deploy.0 = Release|Any CPU
		{72FE3E70-CA14-4D1D-B31B-BED3628990D2}.Ad-Hoc|ARM.ActiveCfg = Release|ARM
		{72FE3E70-CA14-4D1D-B31B-BED3628990D2}.Ad-Hoc|ARM.Build.0 = Release|ARM
		{72FE3E70-CA14-4D1D-B31B-BED3628990D2}.Ad-Hoc|ARM.Deploy.0 = Release|ARM
		{72FE3E70-CA14-4D1D-B31B-BED3628990D2}.Ad-Hoc|iPhone.ActiveCfg = Release|Any CPU
		{72FE3E70-CA14-4D1D-B31B-BED3628990D2}.Ad-Hoc|iPhone.Build.0 = Release|Any CPU
		{72FE3E70-CA14-4D1D-B31B-BED3628990D2}.Ad-Hoc|iPhone.Deploy.0 = Release|Any CPU
		{72FE3E70-CA14-4D1D-B31B-BED3628990D2}.Ad-Hoc|iPhoneSimulator.ActiveCfg = Release|Any CPU
		{72FE3E70-CA14-4D1D-B31B-BED3628990D2}.Ad-Hoc|iPhoneSimulator.Build.0 = Release|Any CPU
		{72FE3E70-CA14-4D1D-B31B-BED3628990D2}.Ad-Hoc|iPhoneSimulator.Deploy.0 = Release|Any CPU
		{72FE3E70-CA14-4D1D-B31B-BED3628990D2}.Ad-Hoc|x64.ActiveCfg = Release|x64
		{72FE3E70-CA14-4D1D-B31B-BED3628990D2}.Ad-Hoc|x64.Build.0 = Release|x64
		{72FE3E70-CA14-4D1D-B31B-BED3628990D2}.Ad-Hoc|x64.Deploy.0 = Release|x64
		{72FE3E70-CA14-4D1D-B31B-BED3628990D2}.Ad-Hoc|x86.ActiveCfg = Release|x86
		{72FE3E70-CA14-4D1D-B31B-BED3628990D2}.Ad-Hoc|x86.Build.0 = Release|x86
		{72FE3E70-CA14-4D1D-B31B-BED3628990D2}.Ad-Hoc|x86.Deploy.0 = Release|x86
		{72FE3E70-CA14-4D1D-B31B-BED3628990D2}.AppStore|Any CPU.ActiveCfg = Release|Any CPU
		{72FE3E70-CA14-4D1D-B31B-BED3628990D2}.AppStore|Any CPU.Build.0 = Release|Any CPU
		{72FE3E70-CA14-4D1D-B31B-BED3628990D2}.AppStore|Any CPU.Deploy.0 = Release|Any CPU
		{72FE3E70-CA14-4D1D-B31B-BED3628990D2}.AppStore|ARM.ActiveCfg = Release|ARM
		{72FE3E70-CA14-4D1D-B31B-BED3628990D2}.AppStore|ARM.Build.0 = Release|ARM
		{72FE3E70-CA14-4D1D-B31B-BED3628990D2}.AppStore|ARM.Deploy.0 = Release|ARM
		{72FE3E70-CA14-4D1D-B31B-BED3628990D2}.AppStore|iPhone.ActiveCfg = Release|Any CPU
		{72FE3E70-CA14-4D1D-B31B-BED3628990D2}.AppStore|iPhone.Build.0 = Release|Any CPU
		{72FE3E70-CA14-4D1D-B31B-BED3628990D2}.AppStore|iPhone.Deploy.0 = Release|Any CPU
		{72FE3E70-CA14-4D1D-B31B-BED3628990D2}.AppStore|iPhoneSimulator.ActiveCfg = Release|Any CPU
		{72FE3E70-CA14-4D1D-B31B-BED3628990D2}.AppStore|iPhoneSimulator.Build.0 = Release|Any CPU
		{72FE3E70-CA14-4D1D-B31B-BED3628990D2}.AppStore|iPhoneSimulator.Deploy.0 = Release|Any CPU
		{72FE3E70-CA14-4D1D-B31B-BED3628990D2}.AppStore|x64.ActiveCfg = Release|x64
		{72FE3E70-CA14-4D1D-B31B-BED3628990D2}.AppStore|x64.Build.0 = Release|x64
		{72FE3E70-CA14-4D1D-B31B-BED3628990D2}.AppStore|x64.Deploy.0 = Release|x64
		{72FE3E70-CA14-4D1D-B31B-BED3628990D2}.AppStore|x86.ActiveCfg = Release|x86
		{72FE3E70-CA14-4D1D-B31B-BED3628990D2}.AppStore|x86.Build.0 = Release|x86
		{72FE3E70-CA14-4D1D-B31B-BED3628990D2}.AppStore|x86.Deploy.0 = Release|x86
		{72FE3E70-CA14-4D1D-B31B-BED3628990D2}.Debug|Any CPU.ActiveCfg = Debug|Any CPU
		{72FE3E70-CA14-4D1D-B31B-BED3628990D2}.Debug|Any CPU.Build.0 = Debug|Any CPU
		{72FE3E70-CA14-4D1D-B31B-BED3628990D2}.Debug|Any CPU.Deploy.0 = Debug|Any CPU
		{72FE3E70-CA14-4D1D-B31B-BED3628990D2}.Debug|ARM.ActiveCfg = Debug|ARM
		{72FE3E70-CA14-4D1D-B31B-BED3628990D2}.Debug|ARM.Build.0 = Debug|ARM
		{72FE3E70-CA14-4D1D-B31B-BED3628990D2}.Debug|ARM.Deploy.0 = Debug|ARM
		{72FE3E70-CA14-4D1D-B31B-BED3628990D2}.Debug|iPhone.ActiveCfg = Debug|Any CPU
		{72FE3E70-CA14-4D1D-B31B-BED3628990D2}.Debug|iPhone.Build.0 = Debug|Any CPU
		{72FE3E70-CA14-4D1D-B31B-BED3628990D2}.Debug|iPhone.Deploy.0 = Debug|Any CPU
		{72FE3E70-CA14-4D1D-B31B-BED3628990D2}.Debug|iPhoneSimulator.ActiveCfg = Debug|Any CPU
		{72FE3E70-CA14-4D1D-B31B-BED3628990D2}.Debug|iPhoneSimulator.Build.0 = Debug|Any CPU
		{72FE3E70-CA14-4D1D-B31B-BED3628990D2}.Debug|iPhoneSimulator.Deploy.0 = Debug|Any CPU
		{72FE3E70-CA14-4D1D-B31B-BED3628990D2}.Debug|x64.ActiveCfg = Debug|x64
		{72FE3E70-CA14-4D1D-B31B-BED3628990D2}.Debug|x64.Build.0 = Debug|x64
		{72FE3E70-CA14-4D1D-B31B-BED3628990D2}.Debug|x64.Deploy.0 = Debug|x64
		{72FE3E70-CA14-4D1D-B31B-BED3628990D2}.Debug|x86.ActiveCfg = Debug|x86
		{72FE3E70-CA14-4D1D-B31B-BED3628990D2}.Debug|x86.Build.0 = Debug|x86
		{72FE3E70-CA14-4D1D-B31B-BED3628990D2}.Debug|x86.Deploy.0 = Debug|x86
		{72FE3E70-CA14-4D1D-B31B-BED3628990D2}.Release|Any CPU.ActiveCfg = Release|Any CPU
		{72FE3E70-CA14-4D1D-B31B-BED3628990D2}.Release|Any CPU.Build.0 = Release|Any CPU
		{72FE3E70-CA14-4D1D-B31B-BED3628990D2}.Release|Any CPU.Deploy.0 = Release|Any CPU
		{72FE3E70-CA14-4D1D-B31B-BED3628990D2}.Release|ARM.ActiveCfg = Release|ARM
		{72FE3E70-CA14-4D1D-B31B-BED3628990D2}.Release|ARM.Build.0 = Release|ARM
		{72FE3E70-CA14-4D1D-B31B-BED3628990D2}.Release|ARM.Deploy.0 = Release|ARM
		{72FE3E70-CA14-4D1D-B31B-BED3628990D2}.Release|iPhone.ActiveCfg = Release|Any CPU
		{72FE3E70-CA14-4D1D-B31B-BED3628990D2}.Release|iPhone.Build.0 = Release|Any CPU
		{72FE3E70-CA14-4D1D-B31B-BED3628990D2}.Release|iPhone.Deploy.0 = Release|Any CPU
		{72FE3E70-CA14-4D1D-B31B-BED3628990D2}.Release|iPhoneSimulator.ActiveCfg = Release|Any CPU
		{72FE3E70-CA14-4D1D-B31B-BED3628990D2}.Release|iPhoneSimulator.Build.0 = Release|Any CPU
		{72FE3E70-CA14-4D1D-B31B-BED3628990D2}.Release|iPhoneSimulator.Deploy.0 = Release|Any CPU
		{72FE3E70-CA14-4D1D-B31B-BED3628990D2}.Release|x64.ActiveCfg = Release|x64
		{72FE3E70-CA14-4D1D-B31B-BED3628990D2}.Release|x64.Build.0 = Release|x64
		{72FE3E70-CA14-4D1D-B31B-BED3628990D2}.Release|x64.Deploy.0 = Release|x64
		{72FE3E70-CA14-4D1D-B31B-BED3628990D2}.Release|x86.ActiveCfg = Release|x86
		{72FE3E70-CA14-4D1D-B31B-BED3628990D2}.Release|x86.Build.0 = Release|x86
		{72FE3E70-CA14-4D1D-B31B-BED3628990D2}.Release|x86.Deploy.0 = Release|x86
		{8EA850E3-A977-406D-AA65-B465E0E1C79B}.Ad-Hoc|Any CPU.ActiveCfg = Release|Any CPU
		{8EA850E3-A977-406D-AA65-B465E0E1C79B}.Ad-Hoc|Any CPU.Build.0 = Release|Any CPU
		{8EA850E3-A977-406D-AA65-B465E0E1C79B}.Ad-Hoc|ARM.ActiveCfg = Release|Any CPU
		{8EA850E3-A977-406D-AA65-B465E0E1C79B}.Ad-Hoc|ARM.Build.0 = Release|Any CPU
		{8EA850E3-A977-406D-AA65-B465E0E1C79B}.Ad-Hoc|iPhone.ActiveCfg = Release|Any CPU
		{8EA850E3-A977-406D-AA65-B465E0E1C79B}.Ad-Hoc|iPhone.Build.0 = Release|Any CPU
		{8EA850E3-A977-406D-AA65-B465E0E1C79B}.Ad-Hoc|iPhoneSimulator.ActiveCfg = Release|Any CPU
		{8EA850E3-A977-406D-AA65-B465E0E1C79B}.Ad-Hoc|iPhoneSimulator.Build.0 = Release|Any CPU
		{8EA850E3-A977-406D-AA65-B465E0E1C79B}.Ad-Hoc|x64.ActiveCfg = Release|Any CPU
		{8EA850E3-A977-406D-AA65-B465E0E1C79B}.Ad-Hoc|x64.Build.0 = Release|Any CPU
		{8EA850E3-A977-406D-AA65-B465E0E1C79B}.Ad-Hoc|x86.ActiveCfg = Release|Any CPU
		{8EA850E3-A977-406D-AA65-B465E0E1C79B}.Ad-Hoc|x86.Build.0 = Release|Any CPU
		{8EA850E3-A977-406D-AA65-B465E0E1C79B}.AppStore|Any CPU.ActiveCfg = Release|Any CPU
		{8EA850E3-A977-406D-AA65-B465E0E1C79B}.AppStore|Any CPU.Build.0 = Release|Any CPU
		{8EA850E3-A977-406D-AA65-B465E0E1C79B}.AppStore|ARM.ActiveCfg = Release|Any CPU
		{8EA850E3-A977-406D-AA65-B465E0E1C79B}.AppStore|ARM.Build.0 = Release|Any CPU
		{8EA850E3-A977-406D-AA65-B465E0E1C79B}.AppStore|iPhone.ActiveCfg = Release|Any CPU
		{8EA850E3-A977-406D-AA65-B465E0E1C79B}.AppStore|iPhone.Build.0 = Release|Any CPU
		{8EA850E3-A977-406D-AA65-B465E0E1C79B}.AppStore|iPhoneSimulator.ActiveCfg = Release|Any CPU
		{8EA850E3-A977-406D-AA65-B465E0E1C79B}.AppStore|iPhoneSimulator.Build.0 = Release|Any CPU
		{8EA850E3-A977-406D-AA65-B465E0E1C79B}.AppStore|x64.ActiveCfg = Release|Any CPU
		{8EA850E3-A977-406D-AA65-B465E0E1C79B}.AppStore|x64.Build.0 = Release|Any CPU
		{8EA850E3-A977-406D-AA65-B465E0E1C79B}.AppStore|x86.ActiveCfg = Release|Any CPU
		{8EA850E3-A977-406D-AA65-B465E0E1C79B}.AppStore|x86.Build.0 = Release|Any CPU
		{8EA850E3-A977-406D-AA65-B465E0E1C79B}.Debug|Any CPU.ActiveCfg = Debug|Any CPU
		{8EA850E3-A977-406D-AA65-B465E0E1C79B}.Debug|Any CPU.Build.0 = Debug|Any CPU
		{8EA850E3-A977-406D-AA65-B465E0E1C79B}.Debug|ARM.ActiveCfg = Debug|Any CPU
		{8EA850E3-A977-406D-AA65-B465E0E1C79B}.Debug|ARM.Build.0 = Debug|Any CPU
		{8EA850E3-A977-406D-AA65-B465E0E1C79B}.Debug|iPhone.ActiveCfg = Debug|Any CPU
		{8EA850E3-A977-406D-AA65-B465E0E1C79B}.Debug|iPhone.Build.0 = Debug|Any CPU
		{8EA850E3-A977-406D-AA65-B465E0E1C79B}.Debug|iPhoneSimulator.ActiveCfg = Debug|Any CPU
		{8EA850E3-A977-406D-AA65-B465E0E1C79B}.Debug|iPhoneSimulator.Build.0 = Debug|Any CPU
		{8EA850E3-A977-406D-AA65-B465E0E1C79B}.Debug|x64.ActiveCfg = Debug|Any CPU
		{8EA850E3-A977-406D-AA65-B465E0E1C79B}.Debug|x64.Build.0 = Debug|Any CPU
		{8EA850E3-A977-406D-AA65-B465E0E1C79B}.Debug|x86.ActiveCfg = Debug|Any CPU
		{8EA850E3-A977-406D-AA65-B465E0E1C79B}.Debug|x86.Build.0 = Debug|Any CPU
		{8EA850E3-A977-406D-AA65-B465E0E1C79B}.Release|Any CPU.ActiveCfg = Release|Any CPU
		{8EA850E3-A977-406D-AA65-B465E0E1C79B}.Release|Any CPU.Build.0 = Release|Any CPU
		{8EA850E3-A977-406D-AA65-B465E0E1C79B}.Release|ARM.ActiveCfg = Release|Any CPU
		{8EA850E3-A977-406D-AA65-B465E0E1C79B}.Release|ARM.Build.0 = Release|Any CPU
		{8EA850E3-A977-406D-AA65-B465E0E1C79B}.Release|iPhone.ActiveCfg = Release|Any CPU
		{8EA850E3-A977-406D-AA65-B465E0E1C79B}.Release|iPhone.Build.0 = Release|Any CPU
		{8EA850E3-A977-406D-AA65-B465E0E1C79B}.Release|iPhoneSimulator.ActiveCfg = Release|Any CPU
		{8EA850E3-A977-406D-AA65-B465E0E1C79B}.Release|iPhoneSimulator.Build.0 = Release|Any CPU
		{8EA850E3-A977-406D-AA65-B465E0E1C79B}.Release|x64.ActiveCfg = Release|Any CPU
		{8EA850E3-A977-406D-AA65-B465E0E1C79B}.Release|x64.Build.0 = Release|Any CPU
		{8EA850E3-A977-406D-AA65-B465E0E1C79B}.Release|x86.ActiveCfg = Release|Any CPU
		{8EA850E3-A977-406D-AA65-B465E0E1C79B}.Release|x86.Build.0 = Release|Any CPU
	EndGlobalSection
	GlobalSection(SolutionProperties) = preSolution
		HideSolutionNode = FALSE
	EndGlobalSection
EndGlobal
